// !$*UTF8*$!
{
	archiveVersion = 1;
	classes = {
	};
	objectVersion = 50;
	objects = {

/* Begin PBXBuildFile section */
		287433F325225DCA0053F4CE /* BizCard_XC12App.swift in Sources */ = {isa = PBXBuildFile; fileRef = 287433F225225DCA0053F4CE /* BizCard_XC12App.swift */; };
		287433F525225DCA0053F4CE /* ContentView.swift in Sources */ = {isa = PBXBuildFile; fileRef = 287433F425225DCA0053F4CE /* ContentView.swift */; };
		287433F725225DCF0053F4CE /* Assets.xcassets in Resources */ = {isa = PBXBuildFile; fileRef = 287433F625225DCF0053F4CE /* Assets.xcassets */; };
		287433FA25225DCF0053F4CE /* Preview Assets.xcassets in Resources */ = {isa = PBXBuildFile; fileRef = 287433F925225DCF0053F4CE /* Preview Assets.xcassets */; };
		2874340525225DCF0053F4CE /* BizCard_XC12Tests.swift in Sources */ = {isa = PBXBuildFile; fileRef = 2874340425225DCF0053F4CE /* BizCard_XC12Tests.swift */; };
		2874341025225DCF0053F4CE /* BizCard_XC12UITests.swift in Sources */ = {isa = PBXBuildFile; fileRef = 2874340F25225DCF0053F4CE /* BizCard_XC12UITests.swift */; };
/* End PBXBuildFile section */

/* Begin PBXContainerItemProxy section */
		2874340125225DCF0053F4CE /* PBXContainerItemProxy */ = {
			isa = PBXContainerItemProxy;
			containerPortal = 287433E725225DCA0053F4CE /* Project object */;
			proxyType = 1;
			remoteGlobalIDString = 287433EE25225DCA0053F4CE;
			remoteInfo = "BizCard-XC12";
		};
		2874340C25225DCF0053F4CE /* PBXContainerItemProxy */ = {
			isa = PBXContainerItemProxy;
			containerPortal = 287433E725225DCA0053F4CE /* Project object */;
			proxyType = 1;
			remoteGlobalIDString = 287433EE25225DCA0053F4CE;
			remoteInfo = "BizCard-XC12";
		};
/* End PBXContainerItemProxy section */

/* Begin PBXFileReference section */
		287433EF25225DCA0053F4CE /* BizCard-XC12.app */ = {isa = PBXFileReference; explicitFileType = wrapper.application; includeInIndex = 0; path = "BizCard-XC12.app"; sourceTree = BUILT_PRODUCTS_DIR; };
		287433F225225DCA0053F4CE /* BizCard_XC12App.swift */ = {isa = PBXFileReference; lastKnownFileType = sourcecode.swift; path = BizCard_XC12App.swift; sourceTree = "<group>"; };
		287433F425225DCA0053F4CE /* ContentView.swift */ = {isa = PBXFileReference; lastKnownFileType = sourcecode.swift; path = ContentView.swift; sourceTree = "<group>"; };
		287433F625225DCF0053F4CE /* Assets.xcassets */ = {isa = PBXFileReference; lastKnownFileType = folder.assetcatalog; path = Assets.xcassets; sourceTree = "<group>"; };
		287433F925225DCF0053F4CE /* Preview Assets.xcassets */ = {isa = PBXFileReference; lastKnownFileType = folder.assetcatalog; path = "Preview Assets.xcassets"; sourceTree = "<group>"; };
		287433FB25225DCF0053F4CE /* Info.plist */ = {isa = PBXFileReference; lastKnownFileType = text.plist.xml; path = Info.plist; sourceTree = "<group>"; };
		2874340025225DCF0053F4CE /* BizCard-XC12Tests.xctest */ = {isa = PBXFileReference; explicitFileType = wrapper.cfbundle; includeInIndex = 0; path = "BizCard-XC12Tests.xctest"; sourceTree = BUILT_PRODUCTS_DIR; };
		2874340425225DCF0053F4CE /* BizCard_XC12Tests.swift */ = {isa = PBXFileReference; lastKnownFileType = sourcecode.swift; path = BizCard_XC12Tests.swift; sourceTree = "<group>"; };
		2874340625225DCF0053F4CE /* Info.plist */ = {isa = PBXFileReference; lastKnownFileType = text.plist.xml; path = Info.plist; sourceTree = "<group>"; };
		2874340B25225DCF0053F4CE /* BizCard-XC12UITests.xctest */ = {isa = PBXFileReference; explicitFileType = wrapper.cfbundle; includeInIndex = 0; path = "BizCard-XC12UITests.xctest"; sourceTree = BUILT_PRODUCTS_DIR; };
		2874340F25225DCF0053F4CE /* BizCard_XC12UITests.swift */ = {isa = PBXFileReference; lastKnownFileType = sourcecode.swift; path = BizCard_XC12UITests.swift; sourceTree = "<group>"; };
		2874341125225DCF0053F4CE /* Info.plist */ = {isa = PBXFileReference; lastKnownFileType = text.plist.xml; path = Info.plist; sourceTree = "<group>"; };
/* End PBXFileReference section */

/* Begin PBXFrameworksBuildPhase section */
		287433EC25225DCA0053F4CE /* Frameworks */ = {
			isa = PBXFrameworksBuildPhase;
			buildActionMask = 2147483647;
			files = (
			);
			runOnlyForDeploymentPostprocessing = 0;
		};
		287433FD25225DCF0053F4CE /* Frameworks */ = {
			isa = PBXFrameworksBuildPhase;
			buildActionMask = 2147483647;
			files = (
			);
			runOnlyForDeploymentPostprocessing = 0;
		};
		2874340825225DCF0053F4CE /* Frameworks */ = {
			isa = PBXFrameworksBuildPhase;
			buildActionMask = 2147483647;
			files = (
			);
			runOnlyForDeploymentPostprocessing = 0;
		};
/* End PBXFrameworksBuildPhase section */

/* Begin PBXGroup section */
		287433E625225DCA0053F4CE = {
			isa = PBXGroup;
			children = (
				287433F125225DCA0053F4CE /* BizCard-XC12 */,
				2874340325225DCF0053F4CE /* BizCard-XC12Tests */,
				2874340E25225DCF0053F4CE /* BizCard-XC12UITests */,
				287433F025225DCA0053F4CE /* Products */,
			);
			sourceTree = "<group>";
		};
		287433F025225DCA0053F4CE /* Products */ = {
			isa = PBXGroup;
			children = (
				287433EF25225DCA0053F4CE /* BizCard-XC12.app */,
				2874340025225DCF0053F4CE /* BizCard-XC12Tests.xctest */,
				2874340B25225DCF0053F4CE /* BizCard-XC12UITests.xctest */,
			);
			name = Products;
			sourceTree = "<group>";
		};
		287433F125225DCA0053F4CE /* BizCard-XC12 */ = {
			isa = PBXGroup;
			children = (
				287433F225225DCA0053F4CE /* BizCard_XC12App.swift */,
				287433F425225DCA0053F4CE /* ContentView.swift */,
				287433F625225DCF0053F4CE /* Assets.xcassets */,
				287433FB25225DCF0053F4CE /* Info.plist */,
				287433F825225DCF0053F4CE /* Preview Content */,
			);
			path = "BizCard-XC12";
			sourceTree = "<group>";
		};
		287433F825225DCF0053F4CE /* Preview Content */ = {
			isa = PBXGroup;
			children = (
				287433F925225DCF0053F4CE /* Preview Assets.xcassets */,
			);
			path = "Preview Content";
			sourceTree = "<group>";
		};
		2874340325225DCF0053F4CE /* BizCard-XC12Tests */ = {
			isa = PBXGroup;
			children = (
				2874340425225DCF0053F4CE /* BizCard_XC12Tests.swift */,
				2874340625225DCF0053F4CE /* Info.plist */,
			);
			path = "BizCard-XC12Tests";
			sourceTree = "<group>";
		};
		2874340E25225DCF0053F4CE /* BizCard-XC12UITests */ = {
			isa = PBXGroup;
			children = (
				2874340F25225DCF0053F4CE /* BizCard_XC12UITests.swift */,
				2874341125225DCF0053F4CE /* Info.plist */,
			);
			path = "BizCard-XC12UITests";
			sourceTree = "<group>";
		};
/* End PBXGroup section */

/* Begin PBXNativeTarget section */
		287433EE25225DCA0053F4CE /* BizCard-XC12 */ = {
			isa = PBXNativeTarget;
			buildConfigurationList = 2874341425225DCF0053F4CE /* Build configuration list for PBXNativeTarget "BizCard-XC12" */;
			buildPhases = (
				287433EB25225DCA0053F4CE /* Sources */,
				287433EC25225DCA0053F4CE /* Frameworks */,
				287433ED25225DCA0053F4CE /* Resources */,
			);
			buildRules = (
			);
			dependencies = (
			);
			name = "BizCard-XC12";
			productName = "BizCard-XC12";
			productReference = 287433EF25225DCA0053F4CE /* BizCard-XC12.app */;
			productType = "com.apple.product-type.application";
		};
		287433FF25225DCF0053F4CE /* BizCard-XC12Tests */ = {
			isa = PBXNativeTarget;
			buildConfigurationList = 2874341725225DCF0053F4CE /* Build configuration list for PBXNativeTarget "BizCard-XC12Tests" */;
			buildPhases = (
				287433FC25225DCF0053F4CE /* Sources */,
				287433FD25225DCF0053F4CE /* Frameworks */,
				287433FE25225DCF0053F4CE /* Resources */,
			);
			buildRules = (
			);
			dependencies = (
				2874340225225DCF0053F4CE /* PBXTargetDependency */,
			);
			name = "BizCard-XC12Tests";
			productName = "BizCard-XC12Tests";
			productReference = 2874340025225DCF0053F4CE /* BizCard-XC12Tests.xctest */;
			productType = "com.apple.product-type.bundle.unit-test";
		};
		2874340A25225DCF0053F4CE /* BizCard-XC12UITests */ = {
			isa = PBXNativeTarget;
			buildConfigurationList = 2874341A25225DCF0053F4CE /* Build configuration list for PBXNativeTarget "BizCard-XC12UITests" */;
			buildPhases = (
				2874340725225DCF0053F4CE /* Sources */,
				2874340825225DCF0053F4CE /* Frameworks */,
				2874340925225DCF0053F4CE /* Resources */,
			);
			buildRules = (
			);
			dependencies = (
				2874340D25225DCF0053F4CE /* PBXTargetDependency */,
			);
			name = "BizCard-XC12UITests";
			productName = "BizCard-XC12UITests";
			productReference = 2874340B25225DCF0053F4CE /* BizCard-XC12UITests.xctest */;
			productType = "com.apple.product-type.bundle.ui-testing";
		};
/* End PBXNativeTarget section */

/* Begin PBXProject section */
		287433E725225DCA0053F4CE /* Project object */ = {
			isa = PBXProject;
			attributes = {
				LastSwiftUpdateCheck = 1200;
				LastUpgradeCheck = 1200;
				TargetAttributes = {
					287433EE25225DCA0053F4CE = {
						CreatedOnToolsVersion = 12.0.1;
					};
					287433FF25225DCF0053F4CE = {
						CreatedOnToolsVersion = 12.0.1;
						TestTargetID = 287433EE25225DCA0053F4CE;
					};
					2874340A25225DCF0053F4CE = {
						CreatedOnToolsVersion = 12.0.1;
						TestTargetID = 287433EE25225DCA0053F4CE;
					};
				};
			};
			buildConfigurationList = 287433EA25225DCA0053F4CE /* Build configuration list for PBXProject "BizCard-XC12" */;
			compatibilityVersion = "Xcode 9.3";
			developmentRegion = en;
			hasScannedForEncodings = 0;
			knownRegions = (
				en,
				Base,
			);
			mainGroup = 287433E625225DCA0053F4CE;
			productRefGroup = 287433F025225DCA0053F4CE /* Products */;
			projectDirPath = "";
			projectRoot = "";
			targets = (
				287433EE25225DCA0053F4CE /* BizCard-XC12 */,
				287433FF25225DCF0053F4CE /* BizCard-XC12Tests */,
				2874340A25225DCF0053F4CE /* BizCard-XC12UITests */,
			);
		};
/* End PBXProject section */

/* Begin PBXResourcesBuildPhase section */
		287433ED25225DCA0053F4CE /* Resources */ = {
			isa = PBXResourcesBuildPhase;
			buildActionMask = 2147483647;
			files = (
				287433FA25225DCF0053F4CE /* Preview Assets.xcassets in Resources */,
				287433F725225DCF0053F4CE /* Assets.xcassets in Resources */,
			);
			runOnlyForDeploymentPostprocessing = 0;
		};
		287433FE25225DCF0053F4CE /* Resources */ = {
			isa = PBXResourcesBuildPhase;
			buildActionMask = 2147483647;
			files = (
			);
			runOnlyForDeploymentPostprocessing = 0;
		};
		2874340925225DCF0053F4CE /* Resources */ = {
			isa = PBXResourcesBuildPhase;
			buildActionMask = 2147483647;
			files = (
			);
			runOnlyForDeploymentPostprocessing = 0;
		};
/* End PBXResourcesBuildPhase section */

/* Begin PBXSourcesBuildPhase section */
		287433EB25225DCA0053F4CE /* Sources */ = {
			isa = PBXSourcesBuildPhase;
			buildActionMask = 2147483647;
			files = (
				287433F525225DCA0053F4CE /* ContentView.swift in Sources */,
				287433F325225DCA0053F4CE /* BizCard_XC12App.swift in Sources */,
			);
			runOnlyForDeploymentPostprocessing = 0;
		};
		287433FC25225DCF0053F4CE /* Sources */ = {
			isa = PBXSourcesBuildPhase;
			buildActionMask = 2147483647;
			files = (
				2874340525225DCF0053F4CE /* BizCard_XC12Tests.swift in Sources */,
			);
			runOnlyForDeploymentPostprocessing = 0;
		};
		2874340725225DCF0053F4CE /* Sources */ = {
			isa = PBXSourcesBuildPhase;
			buildActionMask = 2147483647;
			files = (
				2874341025225DCF0053F4CE /* BizCard_XC12UITests.swift in Sources */,
			);
			runOnlyForDeploymentPostprocessing = 0;
		};
/* End PBXSourcesBuildPhase section */

/* Begin PBXTargetDependency section */
		2874340225225DCF0053F4CE /* PBXTargetDependency */ = {
			isa = PBXTargetDependency;
			target = 287433EE25225DCA0053F4CE /* BizCard-XC12 */;
			targetProxy = 2874340125225DCF0053F4CE /* PBXContainerItemProxy */;
		};
		2874340D25225DCF0053F4CE /* PBXTargetDependency */ = {
			isa = PBXTargetDependency;
			target = 287433EE25225DCA0053F4CE /* BizCard-XC12 */;
			targetProxy = 2874340C25225DCF0053F4CE /* PBXContainerItemProxy */;
		};
/* End PBXTargetDependency section */

/* Begin XCBuildConfiguration section */
		2874341225225DCF0053F4CE /* Debug */ = {
			isa = XCBuildConfiguration;
			buildSettings = {
				ALWAYS_SEARCH_USER_PATHS = NO;
				CLANG_ANALYZER_NONNULL = YES;
				CLANG_ANALYZER_NUMBER_OBJECT_CONVERSION = YES_AGGRESSIVE;
				CLANG_CXX_LANGUAGE_STANDARD = "gnu++14";
				CLANG_CXX_LIBRARY = "libc++";
				CLANG_ENABLE_MODULES = YES;
				CLANG_ENABLE_OBJC_ARC = YES;
				CLANG_ENABLE_OBJC_WEAK = YES;
				CLANG_WARN_BLOCK_CAPTURE_AUTORELEASING = YES;
				CLANG_WARN_BOOL_CONVERSION = YES;
				CLANG_WARN_COMMA = YES;
				CLANG_WARN_CONSTANT_CONVERSION = YES;
				CLANG_WARN_DEPRECATED_OBJC_IMPLEMENTATIONS = YES;
				CLANG_WARN_DIRECT_OBJC_ISA_USAGE = YES_ERROR;
				CLANG_WARN_DOCUMENTATION_COMMENTS = YES;
				CLANG_WARN_EMPTY_BODY = YES;
				CLANG_WARN_ENUM_CONVERSION = YES;
				CLANG_WARN_INFINITE_RECURSION = YES;
				CLANG_WARN_INT_CONVERSION = YES;
				CLANG_WARN_NON_LITERAL_NULL_CONVERSION = YES;
				CLANG_WARN_OBJC_IMPLICIT_RETAIN_SELF = YES;
				CLANG_WARN_OBJC_LITERAL_CONVERSION = YES;
				CLANG_WARN_OBJC_ROOT_CLASS = YES_ERROR;
				CLANG_WARN_QUOTED_INCLUDE_IN_FRAMEWORK_HEADER = YES;
				CLANG_WARN_RANGE_LOOP_ANALYSIS = YES;
				CLANG_WARN_STRICT_PROTOTYPES = YES;
				CLANG_WARN_SUSPICIOUS_MOVE = YES;
				CLANG_WARN_UNGUARDED_AVAILABILITY = YES_AGGRESSIVE;
				CLANG_WARN_UNREACHABLE_CODE = YES;
				CLANG_WARN__DUPLICATE_METHOD_MATCH = YES;
				COPY_PHASE_STRIP = NO;
				DEBUG_INFORMATION_FORMAT = dwarf;
				ENABLE_STRICT_OBJC_MSGSEND = YES;
				ENABLE_TESTABILITY = YES;
				GCC_C_LANGUAGE_STANDARD = gnu11;
				GCC_DYNAMIC_NO_PIC = NO;
				GCC_NO_COMMON_BLOCKS = YES;
				GCC_OPTIMIZATION_LEVEL = 0;
				GCC_PREPROCESSOR_DEFINITIONS = (
					"DEBUG=1",
					"$(inherited)",
				);
				GCC_WARN_64_TO_32_BIT_CONVERSION = YES;
				GCC_WARN_ABOUT_RETURN_TYPE = YES_ERROR;
				GCC_WARN_UNDECLARED_SELECTOR = YES;
				GCC_WARN_UNINITIALIZED_AUTOS = YES_AGGRESSIVE;
				GCC_WARN_UNUSED_FUNCTION = YES;
				GCC_WARN_UNUSED_VARIABLE = YES;
				IPHONEOS_DEPLOYMENT_TARGET = 14.0;
				MTL_ENABLE_DEBUG_INFO = INCLUDE_SOURCE;
				MTL_FAST_MATH = YES;
				ONLY_ACTIVE_ARCH = YES;
				SDKROOT = iphoneos;
				SWIFT_ACTIVE_COMPILATION_CONDITIONS = DEBUG;
				SWIFT_OPTIMIZATION_LEVEL = "-Onone";
			};
			name = Debug;
		};
		2874341325225DCF0053F4CE /* Release */ = {
			isa = XCBuildConfiguration;
			buildSettings = {
				ALWAYS_SEARCH_USER_PATHS = NO;
				CLANG_ANALYZER_NONNULL = YES;
				CLANG_ANALYZER_NUMBER_OBJECT_CONVERSION = YES_AGGRESSIVE;
				CLANG_CXX_LANGUAGE_STANDARD = "gnu++14";
				CLANG_CXX_LIBRARY = "libc++";
				CLANG_ENABLE_MODULES = YES;
				CLANG_ENABLE_OBJC_ARC = YES;
				CLANG_ENABLE_OBJC_WEAK = YES;
				CLANG_WARN_BLOCK_CAPTURE_AUTORELEASING = YES;
				CLANG_WARN_BOOL_CONVERSION = YES;
				CLANG_WARN_COMMA = YES;
				CLANG_WARN_CONSTANT_CONVERSION = YES;
				CLANG_WARN_DEPRECATED_OBJC_IMPLEMENTATIONS = YES;
				CLANG_WARN_DIRECT_OBJC_ISA_USAGE = YES_ERROR;
				CLANG_WARN_DOCUMENTATION_COMMENTS = YES;
				CLANG_WARN_EMPTY_BODY = YES;
				CLANG_WARN_ENUM_CONVERSION = YES;
				CLANG_WARN_INFINITE_RECURSION = YES;
				CLANG_WARN_INT_CONVERSION = YES;
				CLANG_WARN_NON_LITERAL_NULL_CONVERSION = YES;
				CLANG_WARN_OBJC_IMPLICIT_RETAIN_SELF = YES;
				CLANG_WARN_OBJC_LITERAL_CONVERSION = YES;
				CLANG_WARN_OBJC_ROOT_CLASS = YES_ERROR;
				CLANG_WARN_QUOTED_INCLUDE_IN_FRAMEWORK_HEADER = YES;
				CLANG_WARN_RANGE_LOOP_ANALYSIS = YES;
				CLANG_WARN_STRICT_PROTOTYPES = YES;
				CLANG_WARN_SUSPICIOUS_MOVE = YES;
				CLANG_WARN_UNGUARDED_AVAILABILITY = YES_AGGRESSIVE;
				CLANG_WARN_UNREACHABLE_CODE = YES;
				CLANG_WARN__DUPLICATE_METHOD_MATCH = YES;
				COPY_PHASE_STRIP = NO;
				DEBUG_INFORMATION_FORMAT = "dwarf-with-dsym";
				ENABLE_NS_ASSERTIONS = NO;
				ENABLE_STRICT_OBJC_MSGSEND = YES;
				GCC_C_LANGUAGE_STANDARD = gnu11;
				GCC_NO_COMMON_BLOCKS = YES;
				GCC_WARN_64_TO_32_BIT_CONVERSION = YES;
				GCC_WARN_ABOUT_RETURN_TYPE = YES_ERROR;
				GCC_WARN_UNDECLARED_SELECTOR = YES;
				GCC_WARN_UNINITIALIZED_AUTOS = YES_AGGRESSIVE;
				GCC_WARN_UNUSED_FUNCTION = YES;
				GCC_WARN_UNUSED_VARIABLE = YES;
				IPHONEOS_DEPLOYMENT_TARGET = 14.0;
				MTL_ENABLE_DEBUG_INFO = NO;
				MTL_FAST_MATH = YES;
				SDKROOT = iphoneos;
				SWIFT_COMPILATION_MODE = wholemodule;
				SWIFT_OPTIMIZATION_LEVEL = "-O";
				VALIDATE_PRODUCT = YES;
			};
			name = Release;
		};
		2874341525225DCF0053F4CE /* Debug */ = {
			isa = XCBuildConfiguration;
			buildSettings = {
				ASSETCATALOG_COMPILER_APPICON_NAME = AppIcon;
				ASSETCATALOG_COMPILER_GLOBAL_ACCENT_COLOR_NAME = AccentColor;
				CODE_SIGN_STYLE = Automatic;
				DEVELOPMENT_ASSET_PATHS = "\"BizCard-XC12/Preview Content\"";
				DEVELOPMENT_TEAM = KQ4K4F99VN;
				ENABLE_PREVIEWS = YES;
				INFOPLIST_FILE = "BizCard-XC12/Info.plist";
				IPHONEOS_DEPLOYMENT_TARGET = 14.0;
				LD_RUNPATH_SEARCH_PATHS = (
					"$(inherited)",
					"@executable_path/Frameworks",
				);
				PRODUCT_BUNDLE_IDENTIFIER = "gorraNegra.BizCard-XC12";
				PRODUCT_NAME = "$(TARGET_NAME)";
				SWIFT_VERSION = 5.0;
				TARGETED_DEVICE_FAMILY = "1,2";
			};
			name = Debug;
		};
		2874341625225DCF0053F4CE /* Release */ = {
			isa = XCBuildConfiguration;
			buildSettings = {
				ASSETCATALOG_COMPILER_APPICON_NAME = AppIcon;
				ASSETCATALOG_COMPILER_GLOBAL_ACCENT_COLOR_NAME = AccentColor;
				CODE_SIGN_STYLE = Automatic;
				DEVELOPMENT_ASSET_PATHS = "\"BizCard-XC12/Preview Content\"";
				DEVELOPMENT_TEAM = KQ4K4F99VN;
				ENABLE_PREVIEWS = YES;
				INFOPLIST_FILE = "BizCard-XC12/Info.plist";
				IPHONEOS_DEPLOYMENT_TARGET = 14.0;
				LD_RUNPATH_SEARCH_PATHS = (
					"$(inherited)",
					"@executable_path/Frameworks",
				);
				PRODUCT_BUNDLE_IDENTIFIER = "gorraNegra.BizCard-XC12";
				PRODUCT_NAME = "$(TARGET_NAME)";
				SWIFT_VERSION = 5.0;
				TARGETED_DEVICE_FAMILY = "1,2";
			};
			name = Release;
		};
		2874341825225DCF0053F4CE /* Debug */ = {
			isa = XCBuildConfiguration;
			buildSettings = {
				ALWAYS_EMBED_SWIFT_STANDARD_LIBRARIES = YES;
				BUNDLE_LOADER = "$(TEST_HOST)";
				CODE_SIGN_STYLE = Automatic;
				DEVELOPMENT_TEAM = KQ4K4F99VN;
				INFOPLIST_FILE = "BizCard-XC12Tests/Info.plist";
				IPHONEOS_DEPLOYMENT_TARGET = 14.0;
				LD_RUNPATH_SEARCH_PATHS = (
					"$(inherited)",
					"@executable_path/Frameworks",
					"@loader_path/Frameworks",
				);
				PRODUCT_BUNDLE_IDENTIFIER = "gorraNegra.BizCard-XC12Tests";
				PRODUCT_NAME = "$(TARGET_NAME)";
				SWIFT_VERSION = 5.0;
				TARGETED_DEVICE_FAMILY = "1,2";
				TEST_HOST = "$(BUILT_PRODUCTS_DIR)/BizCard-XC12.app/BizCard-XC12";
			};
			name = Debug;
		};
		2874341925225DCF0053F4CE /* Release */ = {
			isa = XCBuildConfiguration;
			buildSettings = {
				ALWAYS_EMBED_SWIFT_STANDARD_LIBRARIES = YES;
				BUNDLE_LOADER = "$(TEST_HOST)";
				CODE_SIGN_STYLE = Automatic;
				DEVELOPMENT_TEAM = KQ4K4F99VN;
				INFOPLIST_FILE = "BizCard-XC12Tests/Info.plist";
				IPHONEOS_DEPLOYMENT_TARGET = 14.0;
				LD_RUNPATH_SEARCH_PATHS = (
					"$(inherited)",
					"@executable_path/Frameworks",
					"@loader_path/Frameworks",
				);
				PRODUCT_BUNDLE_IDENTIFIER = "gorraNegra.BizCard-XC12Tests";
				PRODUCT_NAME = "$(TARGET_NAME)";
				SWIFT_VERSION = 5.0;
				TARGETED_DEVICE_FAMILY = "1,2";
				TEST_HOST = "$(BUILT_PRODUCTS_DIR)/BizCard-XC12.app/BizCard-XC12";
			};
			name = Release;
		};
		2874341B25225DCF0053F4CE /* Debug */ = {
			isa = XCBuildConfiguration;
			buildSettings = {
				ALWAYS_EMBED_SWIFT_STANDARD_LIBRARIES = YES;
				CODE_SIGN_STYLE = Automatic;
				DEVELOPMENT_TEAM = KQ4K4F99VN;
				INFOPLIST_FILE = "BizCard-XC12UITests/Info.plist";
				LD_RUNPATH_SEARCH_PATHS = (
					"$(inherited)",
					"@executable_path/Frameworks",
					"@loader_path/Frameworks",
				);
				PRODUCT_BUNDLE_IDENTIFIER = "gorraNegra.BizCard-XC12UITests";
				PRODUCT_NAME = "$(TARGET_NAME)";
				SWIFT_VERSION = 5.0;
				TARGETED_DEVICE_FAMILY = "1,2";
				TEST_TARGET_NAME = "BizCard-XC12";
			};
			name = Debug;
		};
		2874341C25225DCF0053F4CE /* Release */ = {
			isa = XCBuildConfiguration;
			buildSettings = {
				ALWAYS_EMBED_SWIFT_STANDARD_LIBRARIES = YES;
				CODE_SIGN_STYLE = Automatic;
				DEVELOPMENT_TEAM = KQ4K4F99VN;
				INFOPLIST_FILE = "BizCard-XC12UITests/Info.plist";
				LD_RUNPATH_SEARCH_PATHS = (
					"$(inherited)",
					"@executable_path/Frameworks",
					"@loader_path/Frameworks",
				);
				PRODUCT_BUNDLE_IDENTIFIER = "gorraNegra.BizCard-XC12UITests";
				PRODUCT_NAME = "$(TARGET_NAME)";
				SWIFT_VERSION = 5.0;
				TARGETED_DEVICE_FAMILY = "1,2";
				TEST_TARGET_NAME = "BizCard-XC12";
			};
			name = Release;
		};
/* End XCBuildConfiguration section */

/* Begin XCConfigurationList section */
		287433EA25225DCA0053F4CE /* Build configuration list for PBXProject "BizCard-XC12" */ = {
			isa = XCConfigurationList;
			buildConfigurations = (
				2874341225225DCF0053F4CE /* Debug */,
				2874341325225DCF0053F4CE /* Release */,
			);
			defaultConfigurationIsVisible = 0;
			defaultConfigurationName = Release;
		};
		2874341425225DCF0053F4CE /* Build configuration list for PBXNativeTarget "BizCard-XC12" */ = {
			isa = XCConfigurationList;
			buildConfigurations = (
				2874341525225DCF0053F4CE /* Debug */,
				2874341625225DCF0053F4CE /* Release */,
			);
			defaultConfigurationIsVisible = 0;
			defaultConfigurationName = Release;
		};
		2874341725225DCF0053F4CE /* Build configuration list for PBXNativeTarget "BizCard-XC12Tests" */ = {
			isa = XCConfigurationList;
			buildConfigurations = (
				2874341825225DCF0053F4CE /* Debug */,
				2874341925225DCF0053F4CE /* Release */,
			);
			defaultConfigurationIsVisible = 0;
			defaultConfigurationName = Release;
		};
		2874341A25225DCF0053F4CE /* Build configuration list for PBXNativeTarget "BizCard-XC12UITests" */ = {
			isa = XCConfigurationList;
			buildConfigurations = (
				2874341B25225DCF0053F4CE /* Debug */,
				2874341C25225DCF0053F4CE /* Release */,
			);
			defaultConfigurationIsVisible = 0;
			defaultConfigurationName = Release;
		};
/* End XCConfigurationList section */
	};
	rootObject = 287433E725225DCA0053F4CE /* Project object */;
}
